
Microsoft Visual Studio Solution File, Format Version 12.00
# Visual Studio Version 16
VisualStudioVersion = 16.0.32510.428
MinimumVisualStudioVersion = 10.0.40219.1
Project("{FAE04EC0-301F-11D3-BF4B-00C04F79EFBC}") = "Typerite", "Typerite\Typerite.csproj", "{7F7E84A1-B628-4827-B04A-B3E50E75FED7}"
EndProject
Global
	GlobalSection(SolutionConfigurationPlatforms) = preSolution
		Debug|Any CPU = Debug|Any CPU
		Release|Any CPU = Release|Any CPU
	EndGlobalSection
	GlobalSection(ProjectConfigurationPlatforms) = postSolution
		{7F7E84A1-B628-4827-B04A-B3E50E75FED7}.Debug|Any CPU.ActiveCfg = Debug|Any CPU
		{7F7E84A1-B628-4827-B04A-B3E50E75FED7}.Debug|Any CPU.Build.0 = Debug|Any CPU
		{7F7E84A1-B628-4827-B04A-B3E50E75FED7}.Release|Any CPU.ActiveCfg = Release|Any CPU
		{7F7E84A1-B628-4827-B04A-B3E50E75FED7}.Release|Any CPU.Build.0 = Release|Any CPU
	EndGlobalSection
	GlobalSection(SolutionProperties) = preSolution
		HideSolutionNode = FALSE
	EndGlobalSection
	GlobalSection(ExtensibilityGlobals) = postSolution
		SolutionGuid = {B983AC1F-7202-4A7A-BFF1-72DC32BF9F34}
	EndGlobalSection
EndGlobal
